
Microsoft Visual Studio Solution File, Format Version 11.00
# Visual Studio 2010
Project("{FAE04EC0-301F-11D3-BF4B-00C04F79EFBC}") = "mr-pinball", "Assembly-CSharp.csproj", "{6C8B1964-54A3-8B37-D70D-C05F0EFE5445}"
EndProject
Project("{FAE04EC0-301F-11D3-BF4B-00C04F79EFBC}") = "mr-pinball", "Assembly-CSharp-Editor.csproj", "{7F105223-F475-28C8-5B44-697C9DA10E0E}"
EndProject
Global
	GlobalSection(SolutionConfigurationPlatforms) = preSolution
		Debug|Any CPU = Debug|Any CPU
		Release|Any CPU = Release|Any CPU
	EndGlobalSection
	GlobalSection(ProjectConfigurationPlatforms) = postSolution
		{6C8B1964-54A3-8B37-D70D-C05F0EFE5445}.Debug|Any CPU.ActiveCfg = Debug|Any CPU
		{6C8B1964-54A3-8B37-D70D-C05F0EFE5445}.Debug|Any CPU.Build.0 = Debug|Any CPU
		{6C8B1964-54A3-8B37-D70D-C05F0EFE5445}.Release|Any CPU.ActiveCfg = Release|Any CPU
		{6C8B1964-54A3-8B37-D70D-C05F0EFE5445}.Release|Any CPU.Build.0 = Release|Any CPU
		{7F105223-F475-28C8-5B44-697C9DA10E0E}.Debug|Any CPU.ActiveCfg = Debug|Any CPU
		{7F105223-F475-28C8-5B44-697C9DA10E0E}.Debug|Any CPU.Build.0 = Debug|Any CPU
		{7F105223-F475-28C8-5B44-697C9DA10E0E}.Release|Any CPU.ActiveCfg = Release|Any CPU
		{7F105223-F475-28C8-5B44-697C9DA10E0E}.Release|Any CPU.Build.0 = Release|Any CPU
	EndGlobalSection
	GlobalSection(SolutionProperties) = preSolution
		HideSolutionNode = FALSE
	EndGlobalSection
	GlobalSection(MonoDevelopProperties) = preSolution
		StartupItem = Assembly-CSharp.csproj
	EndGlobalSection
EndGlobal
